
Microsoft Visual Studio Solution File, Format Version 12.00
# Visual Studio Version 16
VisualStudioVersion = 16.0.32929.386
MinimumVisualStudioVersion = 10.0.40219.1
Project("{2150E333-8FDC-42A3-9474-1A3956D46DE8}") = "Core", "Core", "{6680FD4A-7DBC-4D57-B293-5D83F5BF6431}"
EndProject
Project("{2150E333-8FDC-42A3-9474-1A3956D46DE8}") = "Infrastructure", "Infrastructure", "{592AAE01-0FFD-4606-9223-0FF4BB714E76}"
EndProject
Project("{2150E333-8FDC-42A3-9474-1A3956D46DE8}") = "Presentation", "Presentation", "{F612643A-45BA-4BD6-9308-53F6BBCEB4CC}"
EndProject
Project("{2150E333-8FDC-42A3-9474-1A3956D46DE8}") = "Tests", "Tests", "{4F0F825F-ADAB-4820-8E85-CF66A57ADE52}"
EndProject
Project("{FAE04EC0-301F-11D3-BF4B-00C04F79EFBC}") = "Application", "Application\Application.csproj", "{6967E044-A2DC-4D5C-A906-83FE5E5AC5BA}"
EndProject
Project("{FAE04EC0-301F-11D3-BF4B-00C04F79EFBC}") = "Domain", "Domain\Domain.csproj", "{627783E3-5E0B-46E2-84D9-A108FDA20182}"
EndProject
Project("{FAE04EC0-301F-11D3-BF4B-00C04F79EFBC}") = "Persistence", "Persistence\Persistence.csproj", "{6C40CDB7-6007-4694-9540-389D8B9C79B8}"
EndProject
Project("{FAE04EC0-301F-11D3-BF4B-00C04F79EFBC}") = "WebApi", "WebApi\WebApi.csproj", "{7830301E-6830-43E5-B71C-E93199D0BAAC}"
EndProject
Global
	GlobalSection(SolutionConfigurationPlatforms) = preSolution
		Debug|Any CPU = Debug|Any CPU
		Release|Any CPU = Release|Any CPU
	EndGlobalSection
	GlobalSection(ProjectConfigurationPlatforms) = postSolution
		{6967E044-A2DC-4D5C-A906-83FE5E5AC5BA}.Debug|Any CPU.ActiveCfg = Debug|Any CPU
		{6967E044-A2DC-4D5C-A906-83FE5E5AC5BA}.Debug|Any CPU.Build.0 = Debug|Any CPU
		{6967E044-A2DC-4D5C-A906-83FE5E5AC5BA}.Release|Any CPU.ActiveCfg = Release|Any CPU
		{6967E044-A2DC-4D5C-A906-83FE5E5AC5BA}.Release|Any CPU.Build.0 = Release|Any CPU
		{627783E3-5E0B-46E2-84D9-A108FDA20182}.Debug|Any CPU.ActiveCfg = Debug|Any CPU
		{627783E3-5E0B-46E2-84D9-A108FDA20182}.Debug|Any CPU.Build.0 = Debug|Any CPU
		{627783E3-5E0B-46E2-84D9-A108FDA20182}.Release|Any CPU.ActiveCfg = Release|Any CPU
		{627783E3-5E0B-46E2-84D9-A108FDA20182}.Release|Any CPU.Build.0 = Release|Any CPU
		{6C40CDB7-6007-4694-9540-389D8B9C79B8}.Debug|Any CPU.ActiveCfg = Debug|Any CPU
		{6C40CDB7-6007-4694-9540-389D8B9C79B8}.Debug|Any CPU.Build.0 = Debug|Any CPU
		{6C40CDB7-6007-4694-9540-389D8B9C79B8}.Release|Any CPU.ActiveCfg = Release|Any CPU
		{6C40CDB7-6007-4694-9540-389D8B9C79B8}.Release|Any CPU.Build.0 = Release|Any CPU
		{7830301E-6830-43E5-B71C-E93199D0BAAC}.Debug|Any CPU.ActiveCfg = Debug|Any CPU
		{7830301E-6830-43E5-B71C-E93199D0BAAC}.Debug|Any CPU.Build.0 = Debug|Any CPU
		{7830301E-6830-43E5-B71C-E93199D0BAAC}.Release|Any CPU.ActiveCfg = Release|Any CPU
		{7830301E-6830-43E5-B71C-E93199D0BAAC}.Release|Any CPU.Build.0 = Release|Any CPU
	EndGlobalSection
	GlobalSection(SolutionProperties) = preSolution
		HideSolutionNode = FALSE
	EndGlobalSection
	GlobalSection(NestedProjects) = preSolution
		{6967E044-A2DC-4D5C-A906-83FE5E5AC5BA} = {6680FD4A-7DBC-4D57-B293-5D83F5BF6431}
		{627783E3-5E0B-46E2-84D9-A108FDA20182} = {6680FD4A-7DBC-4D57-B293-5D83F5BF6431}
		{6C40CDB7-6007-4694-9540-389D8B9C79B8} = {592AAE01-0FFD-4606-9223-0FF4BB714E76}
		{7830301E-6830-43E5-B71C-E93199D0BAAC} = {F612643A-45BA-4BD6-9308-53F6BBCEB4CC}
	EndGlobalSection
	GlobalSection(ExtensibilityGlobals) = postSolution
		SolutionGuid = {E2C6A260-1C01-4241-9FE7-0D66DC8B8DAC}
	EndGlobalSection
EndGlobal
